
Microsoft Visual Studio Solution File, Format Version 12.00
# Visual Studio Version 16
VisualStudioVersion = 16.0.28803.452
MinimumVisualStudioVersion = 10.0.40219.1
Project("{2150E333-8FDC-42A3-9474-1A3956D46DE8}") = "src", "src", "{8D7BBB95-7B19-4CF9-BCFB-A968C18C1806}"
EndProject
Project("{2150E333-8FDC-42A3-9474-1A3956D46DE8}") = "test", "test", "{4B866EE6-F40E-4F93-AA67-0E33F2119AD9}"
EndProject
Project("{9A19103F-16F7-4668-BE54-9A1E7A4F7556}") = "ReportPortal.Extensions.SourceBack", "src\ReportPortal.Extensions.SourceBack\ReportPortal.Extensions.SourceBack.csproj", "{D15FC8AD-28EC-4BC0-B882-1961D987F2F6}"
EndProject
Project("{9A19103F-16F7-4668-BE54-9A1E7A4F7556}") = "ReportPortal.Extensions.SourceBack.Test", "test\ReportPortal.Extensions.SourceBack.Test\ReportPortal.Extensions.SourceBack.Test.csproj", "{F9FD90F9-137C-4691-81BF-C872031C0EF6}"
EndProject
Global
	GlobalSection(SolutionConfigurationPlatforms) = preSolution
		Debug|Any CPU = Debug|Any CPU
		Release|Any CPU = Release|Any CPU
	EndGlobalSection
	GlobalSection(ProjectConfigurationPlatforms) = postSolution
		{D15FC8AD-28EC-4BC0-B882-1961D987F2F6}.Debug|Any CPU.ActiveCfg = Debug|Any CPU
		{D15FC8AD-28EC-4BC0-B882-1961D987F2F6}.Debug|Any CPU.Build.0 = Debug|Any CPU
		{D15FC8AD-28EC-4BC0-B882-1961D987F2F6}.Release|Any CPU.ActiveCfg = Release|Any CPU
		{D15FC8AD-28EC-4BC0-B882-1961D987F2F6}.Release|Any CPU.Build.0 = Release|Any CPU
		{F9FD90F9-137C-4691-81BF-C872031C0EF6}.Debug|Any CPU.ActiveCfg = Debug|Any CPU
		{F9FD90F9-137C-4691-81BF-C872031C0EF6}.Debug|Any CPU.Build.0 = Debug|Any CPU
		{F9FD90F9-137C-4691-81BF-C872031C0EF6}.Release|Any CPU.ActiveCfg = Release|Any CPU
		{F9FD90F9-137C-4691-81BF-C872031C0EF6}.Release|Any CPU.Build.0 = Release|Any CPU
	EndGlobalSection
	GlobalSection(SolutionProperties) = preSolution
		HideSolutionNode = FALSE
	EndGlobalSection
	GlobalSection(NestedProjects) = preSolution
		{D15FC8AD-28EC-4BC0-B882-1961D987F2F6} = {8D7BBB95-7B19-4CF9-BCFB-A968C18C1806}
		{F9FD90F9-137C-4691-81BF-C872031C0EF6} = {4B866EE6-F40E-4F93-AA67-0E33F2119AD9}
	EndGlobalSection
	GlobalSection(ExtensibilityGlobals) = postSolution
		SolutionGuid = {F3FCBE24-0D60-43F0-BF59-FC3653614D21}
	EndGlobalSection
EndGlobal
